
Microsoft Visual Studio Solution File, Format Version 12.00
# Visual Studio Version 17
VisualStudioVersion = 17.14.36119.2 d17.14
MinimumVisualStudioVersion = 10.0.40219.1
Project("{FAE04EC0-301F-11D3-BF4B-00C04F79EFBC}") = "Proj", "Proj\Proj.csproj", "{5CD224A4-89A8-4034-ABEA-145E132D5DAD}"
EndProject
Global
	GlobalSection(SolutionConfigurationPlatforms) = preSolution
		Debug|Any CPU = Debug|Any CPU
		Release|Any CPU = Release|Any CPU
	EndGlobalSection
	GlobalSection(ProjectConfigurationPlatforms) = postSolution
		{5CD224A4-89A8-4034-ABEA-145E132D5DAD}.Debug|Any CPU.ActiveCfg = Debug|Any CPU
		{5CD224A4-89A8-4034-ABEA-145E132D5DAD}.Debug|Any CPU.Build.0 = Debug|Any CPU
		{5CD224A4-89A8-4034-ABEA-145E132D5DAD}.Release|Any CPU.ActiveCfg = Release|Any CPU
		{5CD224A4-89A8-4034-ABEA-145E132D5DAD}.Release|Any CPU.Build.0 = Release|Any CPU
	EndGlobalSection
	GlobalSection(SolutionProperties) = preSolution
		HideSolutionNode = FALSE
	EndGlobalSection
	GlobalSection(ExtensibilityGlobals) = postSolution
		SolutionGuid = {E84DFA0A-8F4C-479E-A276-FB976E5CF34C}
	EndGlobalSection
EndGlobal
f